
Microsoft Visual Studio Solution File, Format Version 12.00
# Visual Studio Version 17
VisualStudioVersion = 17.2.32630.192
MinimumVisualStudioVersion = 10.0.40219.1
Project("{FAE04EC0-301F-11D3-BF4B-00C04F79EFBC}") = "Planner", "Planner.csproj", "{94F3FF89-991A-4708-84DB-3BE225D97B7A}"
EndProject
Global
	GlobalSection(SolutionConfigurationPlatforms) = preSolution
		Debug|Any CPU = Debug|Any CPU
		Release|Any CPU = Release|Any CPU
	EndGlobalSection
	GlobalSection(ProjectConfigurationPlatforms) = postSolution
		{94F3FF89-991A-4708-84DB-3BE225D97B7A}.Debug|Any CPU.ActiveCfg = Debug|Any CPU
		{94F3FF89-991A-4708-84DB-3BE225D97B7A}.Debug|Any CPU.Build.0 = Debug|Any CPU
		{94F3FF89-991A-4708-84DB-3BE225D97B7A}.Release|Any CPU.ActiveCfg = Release|Any CPU
		{94F3FF89-991A-4708-84DB-3BE225D97B7A}.Release|Any CPU.Build.0 = Release|Any CPU
	EndGlobalSection
	GlobalSection(SolutionProperties) = preSolution
		HideSolutionNode = FALSE
	EndGlobalSection
	GlobalSection(ExtensibilityGlobals) = postSolution
		SolutionGuid = {984486AD-1B48-4D44-AFAD-24EACA87C2CC}
	EndGlobalSection
EndGlobal
