
Microsoft Visual Studio Solution File, Format Version 12.00
# Visual Studio Version 17
VisualStudioVersion = 17.2.32630.192
MinimumVisualStudioVersion = 10.0.40219.1
Project("{FAE04EC0-301F-11D3-BF4B-00C04F79EFBC}") = "Planner-Virtual-PLP-2021-2", "Planner-Virtual-PLP-2021-2\Planner-Virtual-PLP-2021-2.csproj", "{25BBA623-9A57-4679-9491-5B7C3070011E}"
EndProject
Global
	GlobalSection(SolutionConfigurationPlatforms) = preSolution
		Debug|Any CPU = Debug|Any CPU
		Release|Any CPU = Release|Any CPU
	EndGlobalSection
	GlobalSection(ProjectConfigurationPlatforms) = postSolution
		{25BBA623-9A57-4679-9491-5B7C3070011E}.Debug|Any CPU.ActiveCfg = Debug|Any CPU
		{25BBA623-9A57-4679-9491-5B7C3070011E}.Debug|Any CPU.Build.0 = Debug|Any CPU
		{25BBA623-9A57-4679-9491-5B7C3070011E}.Release|Any CPU.ActiveCfg = Release|Any CPU
		{25BBA623-9A57-4679-9491-5B7C3070011E}.Release|Any CPU.Build.0 = Release|Any CPU
	EndGlobalSection
	GlobalSection(SolutionProperties) = preSolution
		HideSolutionNode = FALSE
	EndGlobalSection
	GlobalSection(ExtensibilityGlobals) = postSolution
		SolutionGuid = {35A50840-669E-4F30-AE3C-EB1FABA1AE36}
	EndGlobalSection
EndGlobal
